
Microsoft Visual Studio Solution File, Format Version 12.00
# Visual Studio Version 17
VisualStudioVersion = 17.8.34525.116
MinimumVisualStudioVersion = 10.0.40219.1
Project("{9A19103F-16F7-4668-BE54-9A1E7A4F7556}") = "Crosshair", "Crosshair.csproj", "{9B475337-BDFF-4C97-A0BF-C78780E677A6}"
EndProject
Global
	GlobalSection(SolutionConfigurationPlatforms) = preSolution
		Debug|Any CPU = Debug|Any CPU
		Release|Any CPU = Release|Any CPU
	EndGlobalSection
	GlobalSection(ProjectConfigurationPlatforms) = postSolution
		{9B475337-BDFF-4C97-A0BF-C78780E677A6}.Debug|Any CPU.ActiveCfg = Debug|Any CPU
		{9B475337-BDFF-4C97-A0BF-C78780E677A6}.Debug|Any CPU.Build.0 = Debug|Any CPU
		{9B475337-BDFF-4C97-A0BF-C78780E677A6}.Release|Any CPU.ActiveCfg = Release|Any CPU
		{9B475337-BDFF-4C97-A0BF-C78780E677A6}.Release|Any CPU.Build.0 = Release|Any CPU
	EndGlobalSection
	GlobalSection(SolutionProperties) = preSolution
		HideSolutionNode = FALSE
	EndGlobalSection
	GlobalSection(ExtensibilityGlobals) = postSolution
		SolutionGuid = {6476063F-ED9F-4859-86D5-F13597245F71}
	EndGlobalSection
EndGlobal
